# This file is autogenerated, do not edit; changes may be undone by the next 'dep ensure'.


[[projects]]
  name = "github.com/go-chi/chi"
  packages = [".","middleware"]
  revision = "f7c66f685bcab06bcce78ac212c5f3553c063d19"
  version = "v3.3.0"

[[projects]]
  name = "github.com/pkg/errors"
  packages = ["."]
  revision = "c605e284fe17294bda444b34710735b29d1a9d90"

[solve-meta]
  analyzer-name = "dep"
  analyzer-version = 1
  inputs-digest = "3495669ada31a865f1027e0963333e478297c7b933fb523e50efb3284cf39438"
  solver-name = "gps-cdcl"
  solver-version = 1
